
Microsoft Visual Studio Solution File, Format Version 12.00
# Visual Studio Version 17
VisualStudioVersion = 17.8.34601.278
MinimumVisualStudioVersion = 10.0.40219.1
Project("{FAE04EC0-301F-11D3-BF4B-00C04F79EFBC}") = "Linear Data Structures", "Linear Data Structures.csproj", "{64937182-350F-4E66-928F-DDA8C29784F5}"
EndProject
Global
	GlobalSection(SolutionConfigurationPlatforms) = preSolution
		Debug|Any CPU = Debug|Any CPU
		Release|Any CPU = Release|Any CPU
	EndGlobalSection
	GlobalSection(ProjectConfigurationPlatforms) = postSolution
		{64937182-350F-4E66-928F-DDA8C29784F5}.Debug|Any CPU.ActiveCfg = Debug|Any CPU
		{64937182-350F-4E66-928F-DDA8C29784F5}.Debug|Any CPU.Build.0 = Debug|Any CPU
		{64937182-350F-4E66-928F-DDA8C29784F5}.Release|Any CPU.ActiveCfg = Release|Any CPU
		{64937182-350F-4E66-928F-DDA8C29784F5}.Release|Any CPU.Build.0 = Release|Any CPU
	EndGlobalSection
	GlobalSection(SolutionProperties) = preSolution
		HideSolutionNode = FALSE
	EndGlobalSection
	GlobalSection(ExtensibilityGlobals) = postSolution
		SolutionGuid = {B3D88E7E-CBA6-4C29-B301-B00ED983EEEE}
	EndGlobalSection
EndGlobal
